
Microsoft Visual Studio Solution File, Format Version 12.00
# Visual Studio Version 16
VisualStudioVersion = 16.0.29905.134
MinimumVisualStudioVersion = 10.0.40219.1
Project("{FAE04EC0-301F-11D3-BF4B-00C04F79EFBC}") = "Chapter5CarManager", "Chapter5CarManager.csproj", "{630E7555-BD34-4B99-8AB6-A9A773B84A60}"
EndProject
Project("{FAE04EC0-301F-11D3-BF4B-00C04F79EFBC}") = "VehicleLibrary", "..\VehicleLibrary\VehicleLibrary.csproj", "{FA8EA0A6-9EA2-46A9-9EBB-6FC13AF62161}"
EndProject
Global
	GlobalSection(SolutionConfigurationPlatforms) = preSolution
		Debug|Any CPU = Debug|Any CPU
		Release|Any CPU = Release|Any CPU
	EndGlobalSection
	GlobalSection(ProjectConfigurationPlatforms) = postSolution
		{630E7555-BD34-4B99-8AB6-A9A773B84A60}.Debug|Any CPU.ActiveCfg = Debug|Any CPU
		{630E7555-BD34-4B99-8AB6-A9A773B84A60}.Debug|Any CPU.Build.0 = Debug|Any CPU
		{630E7555-BD34-4B99-8AB6-A9A773B84A60}.Release|Any CPU.ActiveCfg = Release|Any CPU
		{630E7555-BD34-4B99-8AB6-A9A773B84A60}.Release|Any CPU.Build.0 = Release|Any CPU
		{FA8EA0A6-9EA2-46A9-9EBB-6FC13AF62161}.Debug|Any CPU.ActiveCfg = Debug|Any CPU
		{FA8EA0A6-9EA2-46A9-9EBB-6FC13AF62161}.Debug|Any CPU.Build.0 = Debug|Any CPU
		{FA8EA0A6-9EA2-46A9-9EBB-6FC13AF62161}.Release|Any CPU.ActiveCfg = Release|Any CPU
		{FA8EA0A6-9EA2-46A9-9EBB-6FC13AF62161}.Release|Any CPU.Build.0 = Release|Any CPU
	EndGlobalSection
	GlobalSection(SolutionProperties) = preSolution
		HideSolutionNode = FALSE
	EndGlobalSection
	GlobalSection(ExtensibilityGlobals) = postSolution
		SolutionGuid = {30ED456B-6D14-421E-B4DB-499541FB2BD3}
	EndGlobalSection
EndGlobal
